
Microsoft Visual Studio Solution File, Format Version 12.00
# Visual Studio Version 16
VisualStudioVersion = 16.0.30503.244
MinimumVisualStudioVersion = 10.0.40219.1
Project("{9A19103F-16F7-4668-BE54-9A1E7A4F7556}") = "SuperGoalsAPI", "SuperGoalsAPI\SuperGoalsAPI.csproj", "{A6A60979-2775-408E-9C9D-675364F6F9D0}"
EndProject
Project("{FAE04EC0-301F-11D3-BF4B-00C04F79EFBC}") = "SuperGoalsAPITest", "SuperGoalsAPITest\SuperGoalsAPITest.csproj", "{7BB3E93E-B2F7-4640-A7E4-169DB5F1B2D8}"
EndProject
Global
	GlobalSection(SolutionConfigurationPlatforms) = preSolution
		Debug|Any CPU = Debug|Any CPU
		Release|Any CPU = Release|Any CPU
	EndGlobalSection
	GlobalSection(ProjectConfigurationPlatforms) = postSolution
		{A6A60979-2775-408E-9C9D-675364F6F9D0}.Debug|Any CPU.ActiveCfg = Debug|Any CPU
		{A6A60979-2775-408E-9C9D-675364F6F9D0}.Debug|Any CPU.Build.0 = Debug|Any CPU
		{A6A60979-2775-408E-9C9D-675364F6F9D0}.Release|Any CPU.ActiveCfg = Release|Any CPU
		{A6A60979-2775-408E-9C9D-675364F6F9D0}.Release|Any CPU.Build.0 = Release|Any CPU
		{7BB3E93E-B2F7-4640-A7E4-169DB5F1B2D8}.Debug|Any CPU.ActiveCfg = Debug|Any CPU
		{7BB3E93E-B2F7-4640-A7E4-169DB5F1B2D8}.Debug|Any CPU.Build.0 = Debug|Any CPU
		{7BB3E93E-B2F7-4640-A7E4-169DB5F1B2D8}.Release|Any CPU.ActiveCfg = Release|Any CPU
		{7BB3E93E-B2F7-4640-A7E4-169DB5F1B2D8}.Release|Any CPU.Build.0 = Release|Any CPU
	EndGlobalSection
	GlobalSection(SolutionProperties) = preSolution
		HideSolutionNode = FALSE
	EndGlobalSection
	GlobalSection(ExtensibilityGlobals) = postSolution
		SolutionGuid = {98C07B72-2CBE-4914-B94C-A36750332CB2}
	EndGlobalSection
EndGlobal
